
Microsoft Visual Studio Solution File, Format Version 12.00
# Visual Studio Version 17
VisualStudioVersion = 17.5.002.0
MinimumVisualStudioVersion = 10.0.40219.1
Project("{9A19103F-16F7-4668-BE54-9A1E7A4F7556}") = "BiblioTastic", "BiblioTastic\BiblioTastic.csproj", "{DA8044E6-0CE0-42D7-9ED0-EAA6EE09A536}"
EndProject
Project("{FAE04EC0-301F-11D3-BF4B-00C04F79EFBC}") = "BiblioTasticTests", "BiblioTasticTests\BiblioTasticTests.csproj", "{BE96F4C4-E451-4096-8D59-02103EE9884A}"
EndProject
Global
	GlobalSection(SolutionConfigurationPlatforms) = preSolution
		Debug|Any CPU = Debug|Any CPU
		Release|Any CPU = Release|Any CPU
	EndGlobalSection
	GlobalSection(ProjectConfigurationPlatforms) = postSolution
		{DA8044E6-0CE0-42D7-9ED0-EAA6EE09A536}.Debug|Any CPU.ActiveCfg = Debug|Any CPU
		{DA8044E6-0CE0-42D7-9ED0-EAA6EE09A536}.Debug|Any CPU.Build.0 = Debug|Any CPU
		{DA8044E6-0CE0-42D7-9ED0-EAA6EE09A536}.Release|Any CPU.ActiveCfg = Release|Any CPU
		{DA8044E6-0CE0-42D7-9ED0-EAA6EE09A536}.Release|Any CPU.Build.0 = Release|Any CPU
		{BE96F4C4-E451-4096-8D59-02103EE9884A}.Debug|Any CPU.ActiveCfg = Debug|Any CPU
		{BE96F4C4-E451-4096-8D59-02103EE9884A}.Debug|Any CPU.Build.0 = Debug|Any CPU
		{BE96F4C4-E451-4096-8D59-02103EE9884A}.Release|Any CPU.ActiveCfg = Release|Any CPU
		{BE96F4C4-E451-4096-8D59-02103EE9884A}.Release|Any CPU.Build.0 = Release|Any CPU
	EndGlobalSection
	GlobalSection(SolutionProperties) = preSolution
		HideSolutionNode = FALSE
	EndGlobalSection
	GlobalSection(ExtensibilityGlobals) = postSolution
		SolutionGuid = {92EF1BC0-2C49-4A93-9961-37D742CE23A9}
	EndGlobalSection
EndGlobal
